
Microsoft Visual Studio Solution File, Format Version 12.00
# Visual Studio Version 16
VisualStudioVersion = 16.0.30406.217
MinimumVisualStudioVersion = 10.0.40219.1
Project("{FAE04EC0-301F-11D3-BF4B-00C04F79EFBC}") = "CommandPatter1", "CommandPatter1\CommandPatter1.csproj", "{62E6AC18-EC35-4A90-98B0-ADD5218D0973}"
EndProject
Global
	GlobalSection(SolutionConfigurationPlatforms) = preSolution
		Debug|Any CPU = Debug|Any CPU
		Release|Any CPU = Release|Any CPU
	EndGlobalSection
	GlobalSection(ProjectConfigurationPlatforms) = postSolution
		{62E6AC18-EC35-4A90-98B0-ADD5218D0973}.Debug|Any CPU.ActiveCfg = Debug|Any CPU
		{62E6AC18-EC35-4A90-98B0-ADD5218D0973}.Debug|Any CPU.Build.0 = Debug|Any CPU
		{62E6AC18-EC35-4A90-98B0-ADD5218D0973}.Release|Any CPU.ActiveCfg = Release|Any CPU
		{62E6AC18-EC35-4A90-98B0-ADD5218D0973}.Release|Any CPU.Build.0 = Release|Any CPU
	EndGlobalSection
	GlobalSection(SolutionProperties) = preSolution
		HideSolutionNode = FALSE
	EndGlobalSection
	GlobalSection(ExtensibilityGlobals) = postSolution
		SolutionGuid = {3FA4597B-BEBF-4E38-BA87-6023EE144BBB}
	EndGlobalSection
EndGlobal
